
Microsoft Visual Studio Solution File, Format Version 12.00
# Visual Studio Version 17
VisualStudioVersion = 17.11.35327.3
MinimumVisualStudioVersion = 10.0.40219.1
Project("{FAE04EC0-301F-11D3-BF4B-00C04F79EFBC}") = "seminar1", "seminar1\seminar1.csproj", "{0448C542-DE45-480A-A346-0A1DA95123E7}"
EndProject
Global
	GlobalSection(SolutionConfigurationPlatforms) = preSolution
		Debug|Any CPU = Debug|Any CPU
		Release|Any CPU = Release|Any CPU
	EndGlobalSection
	GlobalSection(ProjectConfigurationPlatforms) = postSolution
		{0448C542-DE45-480A-A346-0A1DA95123E7}.Debug|Any CPU.ActiveCfg = Debug|Any CPU
		{0448C542-DE45-480A-A346-0A1DA95123E7}.Debug|Any CPU.Build.0 = Debug|Any CPU
		{0448C542-DE45-480A-A346-0A1DA95123E7}.Release|Any CPU.ActiveCfg = Release|Any CPU
		{0448C542-DE45-480A-A346-0A1DA95123E7}.Release|Any CPU.Build.0 = Release|Any CPU
	EndGlobalSection
	GlobalSection(SolutionProperties) = preSolution
		HideSolutionNode = FALSE
	EndGlobalSection
	GlobalSection(ExtensibilityGlobals) = postSolution
		SolutionGuid = {68512C8E-0A38-4C46-87F2-AA2EF1551A68}
	EndGlobalSection
EndGlobal
